
Microsoft Visual Studio Solution File, Format Version 12.00
Project("{FAE04EC0-301F-11D3-BF4B-00C04F79EFBC}") = "BrandMonitor.WebApi", "BrandMonitor.WebApi\BrandMonitor.WebApi.csproj", "{DCEC0031-9585-4580-995A-6CA2E44A4203}"
EndProject
Project("{FAE04EC0-301F-11D3-BF4B-00C04F79EFBC}") = "BrandMonitor.Infrastructure", "BrandMonitor.Infrastructure\BrandMonitor.Infrastructure.csproj", "{A12E0263-620A-411E-803E-6775BE3E7E45}"
EndProject
Project("{FAE04EC0-301F-11D3-BF4B-00C04F79EFBC}") = "BrandMonitor.Application", "BrandMonitor.Application\BrandMonitor.Application.csproj", "{95B49A1A-D28E-46D4-9B61-A7E35B4AC7D1}"
EndProject
Global
	GlobalSection(SolutionConfigurationPlatforms) = preSolution
		Debug|Any CPU = Debug|Any CPU
		Release|Any CPU = Release|Any CPU
	EndGlobalSection
	GlobalSection(ProjectConfigurationPlatforms) = postSolution
		{DCEC0031-9585-4580-995A-6CA2E44A4203}.Debug|Any CPU.ActiveCfg = Debug|Any CPU
		{DCEC0031-9585-4580-995A-6CA2E44A4203}.Debug|Any CPU.Build.0 = Debug|Any CPU
		{DCEC0031-9585-4580-995A-6CA2E44A4203}.Release|Any CPU.ActiveCfg = Release|Any CPU
		{DCEC0031-9585-4580-995A-6CA2E44A4203}.Release|Any CPU.Build.0 = Release|Any CPU
		{A12E0263-620A-411E-803E-6775BE3E7E45}.Debug|Any CPU.ActiveCfg = Debug|Any CPU
		{A12E0263-620A-411E-803E-6775BE3E7E45}.Debug|Any CPU.Build.0 = Debug|Any CPU
		{A12E0263-620A-411E-803E-6775BE3E7E45}.Release|Any CPU.ActiveCfg = Release|Any CPU
		{A12E0263-620A-411E-803E-6775BE3E7E45}.Release|Any CPU.Build.0 = Release|Any CPU
		{95B49A1A-D28E-46D4-9B61-A7E35B4AC7D1}.Debug|Any CPU.ActiveCfg = Debug|Any CPU
		{95B49A1A-D28E-46D4-9B61-A7E35B4AC7D1}.Debug|Any CPU.Build.0 = Debug|Any CPU
		{95B49A1A-D28E-46D4-9B61-A7E35B4AC7D1}.Release|Any CPU.ActiveCfg = Release|Any CPU
		{95B49A1A-D28E-46D4-9B61-A7E35B4AC7D1}.Release|Any CPU.Build.0 = Release|Any CPU
	EndGlobalSection
EndGlobal
